
Microsoft Visual Studio Solution File, Format Version 12.00
# Visual Studio Version 17
VisualStudioVersion = 17.5.002.0
MinimumVisualStudioVersion = 10.0.40219.1
Project("{9A19103F-16F7-4668-BE54-9A1E7A4F7556}") = "XOR-Queries-of-a-Subarray", "XOR-Queries-of-a-Subarray.csproj", "{596F8064-5B48-406D-8C50-5AC334692C1D}"
EndProject
Global
	GlobalSection(SolutionConfigurationPlatforms) = preSolution
		Debug|Any CPU = Debug|Any CPU
		Release|Any CPU = Release|Any CPU
	EndGlobalSection
	GlobalSection(ProjectConfigurationPlatforms) = postSolution
		{596F8064-5B48-406D-8C50-5AC334692C1D}.Debug|Any CPU.ActiveCfg = Debug|Any CPU
		{596F8064-5B48-406D-8C50-5AC334692C1D}.Debug|Any CPU.Build.0 = Debug|Any CPU
		{596F8064-5B48-406D-8C50-5AC334692C1D}.Release|Any CPU.ActiveCfg = Release|Any CPU
		{596F8064-5B48-406D-8C50-5AC334692C1D}.Release|Any CPU.Build.0 = Release|Any CPU
	EndGlobalSection
	GlobalSection(SolutionProperties) = preSolution
		HideSolutionNode = FALSE
	EndGlobalSection
	GlobalSection(ExtensibilityGlobals) = postSolution
		SolutionGuid = {B5302444-C7E2-474C-A0AF-9A7FD5D37D20}
	EndGlobalSection
EndGlobal
